// !$*UTF8*$!
{
	archiveVersion = 1;
	classes = {
	};
	objectVersion = 90;
	objects = {

/* Begin PBXBuildFile section */
		53526762B0EA2E243A957D27 /* TimeScopesWidgetExtension.appex in Embed App Extensions */ = {isa = PBXBuildFile; fileRef = 2E09767DD0BBFC396CE5D655 /* TimeScopesWidgetExtension.appex */; };
/* End PBXBuildFile section */

/* Begin PBXContainerItemProxy section */
		A1B2C3D4E5F60718293A0009 /* PBXContainerItemProxy */ = {
			isa = PBXContainerItemProxy;
			containerPortal = F9216D7D2E0AAD3D0011A560 /* Project object */;
			proxyType = 1;
			remoteGlobalIDString = F9216D842E0AAD3D0011A560;
			remoteInfo = "Time Scopes";
		};
		D0BBB1DEEFF5D8C3327605EB /* PBXContainerItemProxy */ = {
			isa = PBXContainerItemProxy;
			containerPortal = F9216D7D2E0AAD3D0011A560 /* Project object */;
			proxyType = 1;
			remoteGlobalIDString = 052CA87A91E5A14414B7A60D;
			remoteInfo = TimeScopesWidgetExtension;
		};
/* End PBXContainerItemProxy section */

/* Begin PBXCopyFilesBuildPhase section */
		5D4BD6B22E1C536C5FF4AFBD /* Embed App Extensions */ = {
			isa = PBXCopyFilesBuildPhase;
			dstPath = "";
			dstSubfolder = PlugIns;
			files = (
				53526762B0EA2E243A957D27 /* TimeScopesWidgetExtension.appex in Embed App Extensions */,
			);
			name = "Embed App Extensions";
		};
/* End PBXCopyFilesBuildPhase section */

/* Begin PBXFileReference section */
		2E09767DD0BBFC396CE5D655 /* TimeScopesWidgetExtension.appex */ = {isa = PBXFileReference; explicitFileType = "wrapper.app-extension"; includeInIndex = 0; path = TimeScopesWidgetExtension.appex; sourceTree = BUILT_PRODUCTS_DIR; };
		A1B2C3D4E5F60718293A0001 /* Time ScopesTests.xctest */ = {isa = PBXFileReference; explicitFileType = wrapper.cfbundle; includeInIndex = 0; path = "Time ScopesTests.xctest"; sourceTree = BUILT_PRODUCTS_DIR; };
		F9216D852E0AAD3D0011A560 /* Time Scopes.app */ = {isa = PBXFileReference; explicitFileType = wrapper.application; includeInIndex = 0; path = "Time Scopes.app"; sourceTree = BUILT_PRODUCTS_DIR; };
/* End PBXFileReference section */

/* Begin PBXFileSystemSynchronizedRootGroup section */
		7ADD0CD2E67DB08CC0ED4C78 /* PulseReportExtension */ = {
			isa = PBXFileSystemSynchronizedRootGroup;
			path = PulseReportExtension;
			sourceTree = "<group>";
		};
		A1B2C3D4E5F60718293A0002 /* Time ScopesTests */ = {
			isa = PBXFileSystemSynchronizedRootGroup;
			path = "Time ScopesTests";
			sourceTree = "<group>";
		};
		AC788B7B1421F46B81FEB8FC /* Time Scopes/App/Shared */ = {
			isa = PBXFileSystemSynchronizedRootGroup;
			path = "Time Scopes/App/Shared";
			sourceTree = "<group>";
		};
		F9216D872E0AAD3D0011A560 /* Time Scopes */ = {
			isa = PBXFileSystemSynchronizedRootGroup;
			path = "Time Scopes";
			sourceTree = "<group>";
		};
/* End PBXFileSystemSynchronizedRootGroup section */

/* Begin PBXFrameworksBuildPhase section */
		5060B79B5134FF6E276F08B1 /* Frameworks */ = {
			isa = PBXFrameworksBuildPhase;
			files = (
			);
		};
		A1B2C3D4E5F60718293A0003 /* Frameworks */ = {
			isa = PBXFrameworksBuildPhase;
			files = (
			);
		};
		F9216D822E0AAD3D0011A560 /* Frameworks */ = {
			isa = PBXFrameworksBuildPhase;
			files = (
			);
		};
/* End PBXFrameworksBuildPhase section */

/* Begin PBXGroup section */
		F9216D7C2E0AAD3D0011A560 = {
			isa = PBXGroup;
			children = (
				F9216D872E0AAD3D0011A560 /* Time Scopes */,
				A1B2C3D4E5F60718293A0002 /* Time ScopesTests */,
				AC788B7B1421F46B81FEB8FC /* Time Scopes/App/Shared */,
				7ADD0CD2E67DB08CC0ED4C78 /* PulseReportExtension */,
				F9216D862E0AAD3D0011A560 /* Products */,
			);
			sourceTree = "<group>";
		};
		F9216D862E0AAD3D0011A560 /* Products */ = {
			isa = PBXGroup;
			children = (
				F9216D852E0AAD3D0011A560 /* Time Scopes.app */,
				2E09767DD0BBFC396CE5D655 /* TimeScopesWidgetExtension.appex */,
				A1B2C3D4E5F60718293A0001 /* Time ScopesTests.xctest */,
			);
			name = Products;
			sourceTree = "<group>";
		};
/* End PBXGroup section */

/* Begin PBXNativeTarget section */
		052CA87A91E5A14414B7A60D /* TimeScopesWidgetExtension */ = {
			isa = PBXNativeTarget;
			buildConfigurationList = 5D3977FDC0AE1A2354257F4E /* Build configuration list for PBXNativeTarget "TimeScopesWidgetExtension" */;
			buildPhases = (
				3DFA566C3FDEB8CF2A47244F /* Sources */,
				5060B79B5134FF6E276F08B1 /* Frameworks */,
				84A0DCD00DE1158BD1F357FC /* Resources */,
			);
			buildRules = (
			);
			fileSystemSynchronizedGroups = (
				7ADD0CD2E67DB08CC0ED4C78 /* PulseReportExtension */,
				AC788B7B1421F46B81FEB8FC /* Time Scopes/App/Shared */,
			);
			name = TimeScopesWidgetExtension;
			productName = TimeScopesWidgetExtension;
			productReference = 2E09767DD0BBFC396CE5D655 /* TimeScopesWidgetExtension.appex */;
			productType = "com.apple.product-type.app-extension";
		};
		A1B2C3D4E5F60718293A0006 /* Time ScopesTests */ = {
			isa = PBXNativeTarget;
			buildConfigurationList = A1B2C3D4E5F60718293A0007 /* Build configuration list for PBXNativeTarget "Time ScopesTests" */;
			buildPhases = (
				A1B2C3D4E5F60718293A0005 /* Sources */,
				A1B2C3D4E5F60718293A0003 /* Frameworks */,
				A1B2C3D4E5F60718293A0004 /* Resources */,
			);
			buildRules = (
			);
			dependencies = (
				A1B2C3D4E5F60718293A0008 /* PBXTargetDependency */,
			);
			fileSystemSynchronizedGroups = (
				A1B2C3D4E5F60718293A0002 /* Time ScopesTests */,
			);
			name = "Time ScopesTests";
			productName = "Time ScopesTests";
			productReference = A1B2C3D4E5F60718293A0001 /* Time ScopesTests.xctest */;
			productType = "com.apple.product-type.bundle.unit-test";
		};
		F9216D842E0AAD3D0011A560 /* Time Scopes */ = {
			isa = PBXNativeTarget;
			buildConfigurationList = F9216D902E0AAD3E0011A560 /* Build configuration list for PBXNativeTarget "Time Scopes" */;
			buildPhases = (
				F9216D812E0AAD3D0011A560 /* Sources */,
				F9216D822E0AAD3D0011A560 /* Frameworks */,
				F9216D832E0AAD3D0011A560 /* Resources */,
				5D4BD6B22E1C536C5FF4AFBD /* Embed App Extensions */,
			);
			buildRules = (
			);
			dependencies = (
				A218841A19F739B4C732F658 /* PBXTargetDependency */,
			);
			fileSystemSynchronizedGroups = (
				F9216D872E0AAD3D0011A560 /* Time Scopes */,
			);
			name = "Time Scopes";
			productName = "Time Scopes";
			productReference = F9216D852E0AAD3D0011A560 /* Time Scopes.app */;
			productType = "com.apple.product-type.application";
		};
/* End PBXNativeTarget section */

/* Begin PBXProject section */
		F9216D7D2E0AAD3D0011A560 /* Project object */ = {
			isa = PBXProject;
			attributes = {
				BuildIndependentTargetsInParallel = 1;
				LastSwiftUpdateCheck = 1640;
				LastUpgradeCheck = 2600;
				TargetAttributes = {
					052CA87A91E5A14414B7A60D = {
						CreatedOnToolsVersion = 16.4;
					};
					A1B2C3D4E5F60718293A0006 = {
						CreatedOnToolsVersion = 16.4;
						TestTargetID = F9216D842E0AAD3D0011A560;
					};
					F9216D842E0AAD3D0011A560 = {
						CreatedOnToolsVersion = 16.4;
					};
				};
			};
			buildConfigurationList = F9216D802E0AAD3D0011A560 /* Build configuration list for PBXProject "Time Scopes" */;
			developmentRegion = en;
			hasScannedForEncodings = 0;
			knownRegions = (
				en,
				Base,
			);
			mainGroup = F9216D7C2E0AAD3D0011A560;
			minimizedProjectReferenceProxies = 1;
			preferredProjectObjectVersion = 90;
			productRefGroup = F9216D862E0AAD3D0011A560 /* Products */;
			projectDirPath = "";
			projectRoot = "";
			targets = (
				F9216D842E0AAD3D0011A560 /* Time Scopes */,
				052CA87A91E5A14414B7A60D /* TimeScopesWidgetExtension */,
				A1B2C3D4E5F60718293A0006 /* Time ScopesTests */,
			);
		};
/* End PBXProject section */

/* Begin PBXResourcesBuildPhase section */
		84A0DCD00DE1158BD1F357FC /* Resources */ = {
			isa = PBXResourcesBuildPhase;
			files = (
			);
		};
		A1B2C3D4E5F60718293A0004 /* Resources */ = {
			isa = PBXResourcesBuildPhase;
			files = (
			);
		};
		F9216D832E0AAD3D0011A560 /* Resources */ = {
			isa = PBXResourcesBuildPhase;
			files = (
			);
		};
/* End PBXResourcesBuildPhase section */

/* Begin PBXSourcesBuildPhase section */
		3DFA566C3FDEB8CF2A47244F /* Sources */ = {
			isa = PBXSourcesBuildPhase;
			files = (
			);
		};
		A1B2C3D4E5F60718293A0005 /* Sources */ = {
			isa = PBXSourcesBuildPhase;
			files = (
			);
		};
		F9216D812E0AAD3D0011A560 /* Sources */ = {
			isa = PBXSourcesBuildPhase;
			files = (
			);
		};
/* End PBXSourcesBuildPhase section */

/* Begin PBXTargetDependency section */
		A1B2C3D4E5F60718293A0008 /* PBXTargetDependency */ = {
			isa = PBXTargetDependency;
			target = F9216D842E0AAD3D0011A560 /* Time Scopes */;
			targetProxy = A1B2C3D4E5F60718293A0009 /* PBXContainerItemProxy */;
		};
		A218841A19F739B4C732F658 /* PBXTargetDependency */ = {
			isa = PBXTargetDependency;
			target = 052CA87A91E5A14414B7A60D /* TimeScopesWidgetExtension */;
			targetProxy = D0BBB1DEEFF5D8C3327605EB /* PBXContainerItemProxy */;
		};
/* End PBXTargetDependency section */

/* Begin XCBuildConfiguration section */
		8AA8FC02B6B8817D27E9C36C /* Debug configuration for PBXNativeTarget "TimeScopesWidgetExtension" */ = {
			isa = XCBuildConfiguration;
			buildSettings = {
				APPLICATION_EXTENSION_API_ONLY = YES;
				CODE_SIGN_ENTITLEMENTS = PulseReportExtension/TimeScopesWidgetExtension.entitlements;
				CODE_SIGN_STYLE = Automatic;
				CURRENT_PROJECT_VERSION = 2;
				DEVELOPMENT_TEAM = 5U49ST9XZH;
				EXCLUDED_SOURCE_FILE_NAMES = Info.plist;
				GENERATE_INFOPLIST_FILE = NO;
				INFOPLIST_FILE = PulseReportExtension/Info.plist;
				IPHONEOS_DEPLOYMENT_TARGET = 17;
				MARKETING_VERSION = 2;
				PRODUCT_BUNDLE_IDENTIFIER = "$(APP_BUNDLE_IDENTIFIER).Widget";
				PRODUCT_NAME = "$(TARGET_NAME)";
				SKIP_INSTALL = YES;
				SUPPORTED_PLATFORMS = "iphoneos iphonesimulator";
				SWIFT_VERSION = 5.0;
				TARGETED_DEVICE_FAMILY = 1;
			};
			name = Debug;
		};
		A1B2C3D4E5F60718293A000A /* Debug configuration for PBXNativeTarget "Time ScopesTests" */ = {
			isa = XCBuildConfiguration;
			buildSettings = {
				BUNDLE_LOADER = "$(TEST_HOST)";
				CODE_SIGN_IDENTITY = "Apple Development";
				CODE_SIGN_STYLE = Automatic;
				CURRENT_PROJECT_VERSION = 2;
				DEVELOPMENT_TEAM = 5U49ST9XZH;
				GENERATE_INFOPLIST_FILE = YES;
				IPHONEOS_DEPLOYMENT_TARGET = 17;
				LD_RUNPATH_SEARCH_PATHS = (
					"$(inherited)",
					"@executable_path/Frameworks",
					"@loader_path/Frameworks",
				);
				MARKETING_VERSION = 2;
				PRODUCT_BUNDLE_IDENTIFIER = "$(APP_BUNDLE_IDENTIFIER).Tests";
				PRODUCT_NAME = "$(TARGET_NAME)";
				SKIP_INSTALL = YES;
				SUPPORTED_PLATFORMS = "iphoneos iphonesimulator";
				SWIFT_ACTIVE_COMPILATION_CONDITIONS = "DEBUG $(inherited)";
				SWIFT_OPTIMIZATION_LEVEL = "-Onone";
				SWIFT_VERSION = 5.0;
				TARGETED_DEVICE_FAMILY = 1;
				TEST_HOST = "$(BUILT_PRODUCTS_DIR)/Time Scopes.app/Time Scopes";
			};
			name = Debug;
		};
		A1B2C3D4E5F60718293A000B /* Release configuration for PBXNativeTarget "Time ScopesTests" */ = {
			isa = XCBuildConfiguration;
			buildSettings = {
				BUNDLE_LOADER = "$(TEST_HOST)";
				CODE_SIGN_IDENTITY = "Apple Development";
				CODE_SIGN_STYLE = Automatic;
				CURRENT_PROJECT_VERSION = 2;
				DEVELOPMENT_TEAM = 5U49ST9XZH;
				GENERATE_INFOPLIST_FILE = YES;
				IPHONEOS_DEPLOYMENT_TARGET = 17;
				LD_RUNPATH_SEARCH_PATHS = (
					"$(inherited)",
					"@executable_path/Frameworks",
					"@loader_path/Frameworks",
				);
				MARKETING_VERSION = 2;
				PRODUCT_BUNDLE_IDENTIFIER = "$(APP_BUNDLE_IDENTIFIER).Tests";
				PRODUCT_NAME = "$(TARGET_NAME)";
				SKIP_INSTALL = YES;
				SUPPORTED_PLATFORMS = "iphoneos iphonesimulator";
				SWIFT_VERSION = 5.0;
				TARGETED_DEVICE_FAMILY = 1;
				TEST_HOST = "$(BUILT_PRODUCTS_DIR)/Time Scopes.app/Time Scopes";
			};
			name = Release;
		};
		B1443ACBD7198EEC7353368D /* Release configuration for PBXNativeTarget "TimeScopesWidgetExtension" */ = {
			isa = XCBuildConfiguration;
			buildSettings = {
				APPLICATION_EXTENSION_API_ONLY = YES;
				CODE_SIGN_ENTITLEMENTS = PulseReportExtension/TimeScopesWidgetExtension.entitlements;
				CODE_SIGN_STYLE = Automatic;
				CURRENT_PROJECT_VERSION = 2;
				DEVELOPMENT_TEAM = 5U49ST9XZH;
				EXCLUDED_SOURCE_FILE_NAMES = Info.plist;
				GENERATE_INFOPLIST_FILE = NO;
				INFOPLIST_FILE = PulseReportExtension/Info.plist;
				IPHONEOS_DEPLOYMENT_TARGET = 17;
				MARKETING_VERSION = 2;
				PRODUCT_BUNDLE_IDENTIFIER = "$(APP_BUNDLE_IDENTIFIER).Widget";
				PRODUCT_NAME = "$(TARGET_NAME)";
				SKIP_INSTALL = YES;
				SUPPORTED_PLATFORMS = "iphoneos iphonesimulator";
				SWIFT_VERSION = 5.0;
				TARGETED_DEVICE_FAMILY = 1;
			};
			name = Release;
		};
		F9216D8E2E0AAD3E0011A560 /* Debug configuration for PBXProject "Time Scopes" */ = {
			isa = XCBuildConfiguration;
			buildSettings = {
				ALWAYS_SEARCH_USER_PATHS = NO;
				APP_BUNDLE_IDENTIFIER = "com.iisacc.timescopes.Time-Scopes";
				ASSETCATALOG_COMPILER_GENERATE_SWIFT_ASSET_SYMBOL_EXTENSIONS = YES;
				CLANG_ANALYZER_NONNULL = YES;
				CLANG_ANALYZER_NUMBER_OBJECT_CONVERSION = YES_AGGRESSIVE;
				CLANG_CXX_LANGUAGE_STANDARD = "gnu++20";
				CLANG_ENABLE_MODULES = YES;
				CLANG_ENABLE_OBJC_ARC = YES;
				CLANG_ENABLE_OBJC_WEAK = YES;
				CLANG_WARN_BLOCK_CAPTURE_AUTORELEASING = YES;
				CLANG_WARN_BOOL_CONVERSION = YES;
				CLANG_WARN_COMMA = YES;
				CLANG_WARN_CONSTANT_CONVERSION = YES;
				CLANG_WARN_DEPRECATED_OBJC_IMPLEMENTATIONS = YES;
				CLANG_WARN_DIRECT_OBJC_ISA_USAGE = YES_ERROR;
				CLANG_WARN_DOCUMENTATION_COMMENTS = YES;
				CLANG_WARN_EMPTY_BODY = YES;
				CLANG_WARN_ENUM_CONVERSION = YES;
				CLANG_WARN_INFINITE_RECURSION = YES;
				CLANG_WARN_INT_CONVERSION = YES;
				CLANG_WARN_NON_LITERAL_NULL_CONVERSION = YES;
				CLANG_WARN_OBJC_IMPLICIT_RETAIN_SELF = YES;
				CLANG_WARN_OBJC_LITERAL_CONVERSION = YES;
				CLANG_WARN_OBJC_ROOT_CLASS = YES_ERROR;
				CLANG_WARN_QUOTED_INCLUDE_IN_FRAMEWORK_HEADER = YES;
				CLANG_WARN_RANGE_LOOP_ANALYSIS = YES;
				CLANG_WARN_STRICT_PROTOTYPES = YES;
				CLANG_WARN_SUSPICIOUS_MOVE = YES;
				CLANG_WARN_UNGUARDED_AVAILABILITY = YES_AGGRESSIVE;
				CLANG_WARN_UNREACHABLE_CODE = YES;
				CLANG_WARN__DUPLICATE_METHOD_MATCH = YES;
				COPY_PHASE_STRIP = NO;
				DEBUG_INFORMATION_FORMAT = dwarf;
				DEVELOPMENT_TEAM = 5U49ST9XZH;
				ENABLE_STRICT_OBJC_MSGSEND = YES;
				ENABLE_TESTABILITY = YES;
				ENABLE_USER_SCRIPT_SANDBOXING = YES;
				GCC_C_LANGUAGE_STANDARD = gnu17;
				GCC_DYNAMIC_NO_PIC = NO;
				GCC_NO_COMMON_BLOCKS = YES;
				GCC_OPTIMIZATION_LEVEL = 0;
				GCC_PREPROCESSOR_DEFINITIONS = (
					"DEBUG=1",
					"$(inherited)",
				);
				GCC_WARN_64_TO_32_BIT_CONVERSION = YES;
				GCC_WARN_ABOUT_RETURN_TYPE = YES_ERROR;
				GCC_WARN_UNDECLARED_SELECTOR = YES;
				GCC_WARN_UNINITIALIZED_AUTOS = YES_AGGRESSIVE;
				GCC_WARN_UNUSED_FUNCTION = YES;
				GCC_WARN_UNUSED_VARIABLE = YES;
				IPHONEOS_DEPLOYMENT_TARGET = 18.5;
				LOCALIZATION_PREFERS_STRING_CATALOGS = YES;
				MTL_ENABLE_DEBUG_INFO = INCLUDE_SOURCE;
				MTL_FAST_MATH = YES;
				ONLY_ACTIVE_ARCH = YES;
				SDKROOT = iphoneos;
				STRING_CATALOG_GENERATE_SYMBOLS = YES;
				SWIFT_ACTIVE_COMPILATION_CONDITIONS = "DEBUG $(inherited)";
				SWIFT_OPTIMIZATION_LEVEL = "-Onone";
			};
			name = Debug;
		};
		F9216D8F2E0AAD3E0011A560 /* Release configuration for PBXProject "Time Scopes" */ = {
			isa = XCBuildConfiguration;
			buildSettings = {
				ALWAYS_SEARCH_USER_PATHS = NO;
				APP_BUNDLE_IDENTIFIER = "com.iisacc.timescopes.Time-Scopes";
				ASSETCATALOG_COMPILER_GENERATE_SWIFT_ASSET_SYMBOL_EXTENSIONS = YES;
				CLANG_ANALYZER_NONNULL = YES;
				CLANG_ANALYZER_NUMBER_OBJECT_CONVERSION = YES_AGGRESSIVE;
				CLANG_CXX_LANGUAGE_STANDARD = "gnu++20";
				CLANG_ENABLE_MODULES = YES;
				CLANG_ENABLE_OBJC_ARC = YES;
				CLANG_ENABLE_OBJC_WEAK = YES;
				CLANG_WARN_BLOCK_CAPTURE_AUTORELEASING = YES;
				CLANG_WARN_BOOL_CONVERSION = YES;
				CLANG_WARN_COMMA = YES;
				CLANG_WARN_CONSTANT_CONVERSION = YES;
				CLANG_WARN_DEPRECATED_OBJC_IMPLEMENTATIONS = YES;
				CLANG_WARN_DIRECT_OBJC_ISA_USAGE = YES_ERROR;
				CLANG_WARN_DOCUMENTATION_COMMENTS = YES;
				CLANG_WARN_EMPTY_BODY = YES;
				CLANG_WARN_ENUM_CONVERSION = YES;
				CLANG_WARN_INFINITE_RECURSION = YES;
				CLANG_WARN_INT_CONVERSION = YES;
				CLANG_WARN_NON_LITERAL_NULL_CONVERSION = YES;
				CLANG_WARN_OBJC_IMPLICIT_RETAIN_SELF = YES;
				CLANG_WARN_OBJC_LITERAL_CONVERSION = YES;
				CLANG_WARN_OBJC_ROOT_CLASS = YES_ERROR;
				CLANG_WARN_QUOTED_INCLUDE_IN_FRAMEWORK_HEADER = YES;
				CLANG_WARN_RANGE_LOOP_ANALYSIS = YES;
				CLANG_WARN_STRICT_PROTOTYPES = YES;
				CLANG_WARN_SUSPICIOUS_MOVE = YES;
				CLANG_WARN_UNGUARDED_AVAILABILITY = YES_AGGRESSIVE;
				CLANG_WARN_UNREACHABLE_CODE = YES;
				CLANG_WARN__DUPLICATE_METHOD_MATCH = YES;
				COPY_PHASE_STRIP = NO;
				DEBUG_INFORMATION_FORMAT = "dwarf-with-dsym";
				DEVELOPMENT_TEAM = 5U49ST9XZH;
				ENABLE_NS_ASSERTIONS = NO;
				ENABLE_STRICT_OBJC_MSGSEND = YES;
				ENABLE_USER_SCRIPT_SANDBOXING = YES;
				GCC_C_LANGUAGE_STANDARD = gnu17;
				GCC_NO_COMMON_BLOCKS = YES;
				GCC_WARN_64_TO_32_BIT_CONVERSION = YES;
				GCC_WARN_ABOUT_RETURN_TYPE = YES_ERROR;
				GCC_WARN_UNDECLARED_SELECTOR = YES;
				GCC_WARN_UNINITIALIZED_AUTOS = YES_AGGRESSIVE;
				GCC_WARN_UNUSED_FUNCTION = YES;
				GCC_WARN_UNUSED_VARIABLE = YES;
				IPHONEOS_DEPLOYMENT_TARGET = 18.5;
				LOCALIZATION_PREFERS_STRING_CATALOGS = YES;
				MTL_ENABLE_DEBUG_INFO = NO;
				MTL_FAST_MATH = YES;
				SDKROOT = iphoneos;
				STRING_CATALOG_GENERATE_SYMBOLS = YES;
				SWIFT_COMPILATION_MODE = wholemodule;
				VALIDATE_PRODUCT = YES;
			};
			name = Release;
		};
		F9216D912E0AAD3E0011A560 /* Debug configuration for PBXNativeTarget "Time Scopes" */ = {
			isa = XCBuildConfiguration;
			buildSettings = {
				ASSETCATALOG_COMPILER_APPICON_NAME = AppIcon;
				ASSETCATALOG_COMPILER_GLOBAL_ACCENT_COLOR_NAME = AccentColor;
				CODE_SIGN_ENTITLEMENTS = "Time Scopes/Time Scopes.entitlements";
				CODE_SIGN_IDENTITY = "Apple Development";
				CODE_SIGN_STYLE = Automatic;
				CURRENT_PROJECT_VERSION = 2;
				DEVELOPMENT_TEAM = 5U49ST9XZH;
				ENABLE_PREVIEWS = YES;
				GENERATE_INFOPLIST_FILE = NO;
				INFOPLIST_FILE = "TimeScopes-Info.plist";
				INFOPLIST_KEY_CFBundleDisplayName = "Time Scopes";
				INFOPLIST_KEY_LSApplicationCategoryType = "public.app-category.utilities";
				INFOPLIST_KEY_NSCalendarsUsageDescription = "Time Scopes needs access to your iCloud calendars to show events.";
				INFOPLIST_KEY_NSLocationWhenInUseUsageDescription = "Time Scopes uses your location to provide location-based time context.";
				INFOPLIST_KEY_NSRemindersUsageDescription = "Time Scopes needs access to your iCloud reminders to show tasks.";
				INFOPLIST_KEY_UIApplicationSceneManifest_Generation = YES;
				INFOPLIST_KEY_UIApplicationSupportsIndirectInputEvents = YES;
				INFOPLIST_KEY_UILaunchScreen_Generation = YES;
				INFOPLIST_KEY_UISupportedInterfaceOrientations_iPad = "UIInterfaceOrientationPortrait UIInterfaceOrientationPortraitUpsideDown UIInterfaceOrientationLandscapeLeft UIInterfaceOrientationLandscapeRight";
				INFOPLIST_KEY_UISupportedInterfaceOrientations_iPhone = "UIInterfaceOrientationPortrait UIInterfaceOrientationLandscapeLeft UIInterfaceOrientationLandscapeRight";
				IPHONEOS_DEPLOYMENT_TARGET = 17;
				LD_RUNPATH_SEARCH_PATHS = (
					"$(inherited)",
					"@executable_path/Frameworks",
				);
				MARKETING_VERSION = 2;
				PRODUCT_BUNDLE_IDENTIFIER = "$(APP_BUNDLE_IDENTIFIER)";
				PRODUCT_NAME = "$(TARGET_NAME)";
				PROVISIONING_PROFILE_SPECIFIER = "";
				SUPPORTED_PLATFORMS = "iphoneos iphonesimulator";
				SUPPORTS_MACCATALYST = NO;
				SUPPORTS_MAC_DESIGNED_FOR_IPHONE_IPAD = NO;
				SUPPORTS_XR_DESIGNED_FOR_IPHONE_IPAD = NO;
				SWIFT_EMIT_LOC_STRINGS = YES;
				SWIFT_VERSION = 5.0;
				TARGETED_DEVICE_FAMILY = 1;
			};
			name = Debug;
		};
		F9216D922E0AAD3E0011A560 /* Release configuration for PBXNativeTarget "Time Scopes" */ = {
			isa = XCBuildConfiguration;
			buildSettings = {
				ASSETCATALOG_COMPILER_APPICON_NAME = AppIcon;
				ASSETCATALOG_COMPILER_GLOBAL_ACCENT_COLOR_NAME = AccentColor;
				CODE_SIGN_ENTITLEMENTS = "Time Scopes/Time Scopes.entitlements";
				CODE_SIGN_IDENTITY = "Apple Development";
				CODE_SIGN_STYLE = Automatic;
				CURRENT_PROJECT_VERSION = 2;
				DEVELOPMENT_TEAM = 5U49ST9XZH;
				ENABLE_PREVIEWS = YES;
				GENERATE_INFOPLIST_FILE = NO;
				INFOPLIST_FILE = "TimeScopes-Info.plist";
				INFOPLIST_KEY_CFBundleDisplayName = "Time Scopes";
				INFOPLIST_KEY_LSApplicationCategoryType = "public.app-category.utilities";
				INFOPLIST_KEY_NSCalendarsUsageDescription = "Time Scopes needs access to your iCloud calendars to show events.";
				INFOPLIST_KEY_NSLocationWhenInUseUsageDescription = "Time Scopes uses your location to provide location-based time context.";
				INFOPLIST_KEY_NSRemindersUsageDescription = "Time Scopes needs access to your iCloud reminders to show tasks.";
				INFOPLIST_KEY_UIApplicationSceneManifest_Generation = YES;
				INFOPLIST_KEY_UIApplicationSupportsIndirectInputEvents = YES;
				INFOPLIST_KEY_UILaunchScreen_Generation = YES;
				INFOPLIST_KEY_UISupportedInterfaceOrientations_iPad = "UIInterfaceOrientationPortrait UIInterfaceOrientationPortraitUpsideDown UIInterfaceOrientationLandscapeLeft UIInterfaceOrientationLandscapeRight";
				INFOPLIST_KEY_UISupportedInterfaceOrientations_iPhone = "UIInterfaceOrientationPortrait UIInterfaceOrientationLandscapeLeft UIInterfaceOrientationLandscapeRight";
				IPHONEOS_DEPLOYMENT_TARGET = 17;
				LD_RUNPATH_SEARCH_PATHS = (
					"$(inherited)",
					"@executable_path/Frameworks",
				);
				MARKETING_VERSION = 2;
				PRODUCT_BUNDLE_IDENTIFIER = "$(APP_BUNDLE_IDENTIFIER)";
				PRODUCT_NAME = "$(TARGET_NAME)";
				PROVISIONING_PROFILE_SPECIFIER = "";
				SUPPORTED_PLATFORMS = "iphoneos iphonesimulator";
				SUPPORTS_MACCATALYST = NO;
				SUPPORTS_MAC_DESIGNED_FOR_IPHONE_IPAD = NO;
				SUPPORTS_XR_DESIGNED_FOR_IPHONE_IPAD = NO;
				SWIFT_EMIT_LOC_STRINGS = YES;
				SWIFT_VERSION = 5.0;
				TARGETED_DEVICE_FAMILY = 1;
			};
			name = Release;
		};
/* End XCBuildConfiguration section */

/* Begin XCConfigurationList section */
		5D3977FDC0AE1A2354257F4E /* Build configuration list for PBXNativeTarget "TimeScopesWidgetExtension" */ = {
			isa = XCConfigurationList;
			buildConfigurations = (
				8AA8FC02B6B8817D27E9C36C /* Debug configuration for PBXNativeTarget "TimeScopesWidgetExtension" */,
				B1443ACBD7198EEC7353368D /* Release configuration for PBXNativeTarget "TimeScopesWidgetExtension" */,
			);
			defaultConfigurationName = Release;
		};
		A1B2C3D4E5F60718293A0007 /* Build configuration list for PBXNativeTarget "Time ScopesTests" */ = {
			isa = XCConfigurationList;
			buildConfigurations = (
				A1B2C3D4E5F60718293A000A /* Debug configuration for PBXNativeTarget "Time ScopesTests" */,
				A1B2C3D4E5F60718293A000B /* Release configuration for PBXNativeTarget "Time ScopesTests" */,
			);
			defaultConfigurationName = Release;
		};
		F9216D802E0AAD3D0011A560 /* Build configuration list for PBXProject "Time Scopes" */ = {
			isa = XCConfigurationList;
			buildConfigurations = (
				F9216D8E2E0AAD3E0011A560 /* Debug configuration for PBXProject "Time Scopes" */,
				F9216D8F2E0AAD3E0011A560 /* Release configuration for PBXProject "Time Scopes" */,
			);
			defaultConfigurationName = Release;
		};
		F9216D902E0AAD3E0011A560 /* Build configuration list for PBXNativeTarget "Time Scopes" */ = {
			isa = XCConfigurationList;
			buildConfigurations = (
				F9216D912E0AAD3E0011A560 /* Debug configuration for PBXNativeTarget "Time Scopes" */,
				F9216D922E0AAD3E0011A560 /* Release configuration for PBXNativeTarget "Time Scopes" */,
			);
			defaultConfigurationName = Release;
		};
/* End XCConfigurationList section */
	};
	rootObject = F9216D7D2E0AAD3D0011A560 /* Project object */;
}
